// !$*UTF8*$!
{
	archiveVersion = 1;
	classes = {
	};
	objectVersion = 46;
	objects = {

/* Begin PBXBuildFile section */
		EB062AE01A0AA3E200C8D880 /* HeadingView.swift in Sources */ = {isa = PBXBuildFile; fileRef = EB062ADE1A0AA3E200C8D880 /* HeadingView.swift */; };
		EB062AE11A0AA3E200C8D880 /* HeadingView.xib in Resources */ = {isa = PBXBuildFile; fileRef = EB062ADF1A0AA3E200C8D880 /* HeadingView.xib */; };
		EB0EE09E19E3537B00B9BD1E /* Survey.swift in Sources */ = {isa = PBXBuildFile; fileRef = EB0EE09D19E3537B00B9BD1E /* Survey.swift */; };
		EB264DD119E3664A00377619 /* CheckboxCell.swift in Sources */ = {isa = PBXBuildFile; fileRef = EB264DCF19E3664A00377619 /* CheckboxCell.swift */; };
		EB264DD219E3664A00377619 /* CheckboxCell.xib in Resources */ = {isa = PBXBuildFile; fileRef = EB264DD019E3664A00377619 /* CheckboxCell.xib */; };
		EB264DD619E450F200377619 /* BigTextCell.swift in Sources */ = {isa = PBXBuildFile; fileRef = EB264DD419E450F200377619 /* BigTextCell.swift */; };
		EB264DD719E450F200377619 /* BigTextCell.xib in Resources */ = {isa = PBXBuildFile; fileRef = EB264DD519E450F200377619 /* BigTextCell.xib */; };
		EB264DDA19E4550200377619 /* TextCell.swift in Sources */ = {isa = PBXBuildFile; fileRef = EB264DD819E4550200377619 /* TextCell.swift */; };
		EB264DDB19E4550200377619 /* TextCell.xib in Resources */ = {isa = PBXBuildFile; fileRef = EB264DD919E4550200377619 /* TextCell.xib */; };
		EB9C271619E31DE700AB1695 /* AppDelegate.swift in Sources */ = {isa = PBXBuildFile; fileRef = EB9C271519E31DE700AB1695 /* AppDelegate.swift */; };
		EB9C271819E31DE700AB1695 /* ViewController.swift in Sources */ = {isa = PBXBuildFile; fileRef = EB9C271719E31DE700AB1695 /* ViewController.swift */; };
		EB9C271B19E31DE700AB1695 /* Main.storyboard in Resources */ = {isa = PBXBuildFile; fileRef = EB9C271919E31DE700AB1695 /* Main.storyboard */; };
		EB9C271D19E31DE700AB1695 /* Images.xcassets in Resources */ = {isa = PBXBuildFile; fileRef = EB9C271C19E31DE700AB1695 /* Images.xcassets */; };
		EB9C272019E31DE700AB1695 /* LaunchScreen.xib in Resources */ = {isa = PBXBuildFile; fileRef = EB9C271E19E31DE700AB1695 /* LaunchScreen.xib */; };
		EB9C273A19E3270F00AB1695 /* libSEUICollectionViewLayout.a in Frameworks */ = {isa = PBXBuildFile; fileRef = EB9C273919E3270F00AB1695 /* libSEUICollectionViewLayout.a */; };
		EB9C273C19E3277C00AB1695 /* SurveyCollectionViewLayout.swift in Sources */ = {isa = PBXBuildFile; fileRef = EB9C273B19E3277C00AB1695 /* SurveyCollectionViewLayout.swift */; };
		EB9C273E19E328BB00AB1695 /* survey.json in Resources */ = {isa = PBXBuildFile; fileRef = EB9C273D19E328BB00AB1695 /* survey.json */; };
		EB9C274019E3308000AB1695 /* SurveySection.swift in Sources */ = {isa = PBXBuildFile; fileRef = EB9C273F19E3308000AB1695 /* SurveySection.swift */; };
		EB9C274219E330B500AB1695 /* SurveyItem.swift in Sources */ = {isa = PBXBuildFile; fileRef = EB9C274119E330B500AB1695 /* SurveyItem.swift */; };
		EBC63E2419E5FBDA00A2C81E /* LabelView.swift in Sources */ = {isa = PBXBuildFile; fileRef = EBC63E2219E5FBDA00A2C81E /* LabelView.swift */; };
		EBC63E2519E5FBDA00A2C81E /* LabelView.xib in Resources */ = {isa = PBXBuildFile; fileRef = EBC63E2319E5FBDA00A2C81E /* LabelView.xib */; };
/* End PBXBuildFile section */

/* Begin PBXFileReference section */
		EB062ADE1A0AA3E200C8D880 /* HeadingView.swift */ = {isa = PBXFileReference; fileEncoding = 4; lastKnownFileType = sourcecode.swift; path = HeadingView.swift; sourceTree = "<group>"; };
		EB062ADF1A0AA3E200C8D880 /* HeadingView.xib */ = {isa = PBXFileReference; fileEncoding = 4; lastKnownFileType = file.xib; path = HeadingView.xib; sourceTree = "<group>"; };
		EB0EE09D19E3537B00B9BD1E /* Survey.swift */ = {isa = PBXFileReference; fileEncoding = 4; lastKnownFileType = sourcecode.swift; path = Survey.swift; sourceTree = "<group>"; };
		EB264DCF19E3664A00377619 /* CheckboxCell.swift */ = {isa = PBXFileReference; fileEncoding = 4; lastKnownFileType = sourcecode.swift; path = CheckboxCell.swift; sourceTree = "<group>"; };
		EB264DD019E3664A00377619 /* CheckboxCell.xib */ = {isa = PBXFileReference; fileEncoding = 4; lastKnownFileType = file.xib; path = CheckboxCell.xib; sourceTree = "<group>"; };
		EB264DD419E450F200377619 /* BigTextCell.swift */ = {isa = PBXFileReference; fileEncoding = 4; lastKnownFileType = sourcecode.swift; path = BigTextCell.swift; sourceTree = "<group>"; };
		EB264DD519E450F200377619 /* BigTextCell.xib */ = {isa = PBXFileReference; fileEncoding = 4; lastKnownFileType = file.xib; path = BigTextCell.xib; sourceTree = "<group>"; };
		EB264DD819E4550200377619 /* TextCell.swift */ = {isa = PBXFileReference; fileEncoding = 4; lastKnownFileType = sourcecode.swift; path = TextCell.swift; sourceTree = "<group>"; };
		EB264DD919E4550200377619 /* TextCell.xib */ = {isa = PBXFileReference; fileEncoding = 4; lastKnownFileType = file.xib; path = TextCell.xib; sourceTree = "<group>"; };
		EB9C271019E31DE700AB1695 /* Code Survey.app */ = {isa = PBXFileReference; explicitFileType = wrapper.application; includeInIndex = 0; path = "Code Survey.app"; sourceTree = BUILT_PRODUCTS_DIR; };
		EB9C271419E31DE700AB1695 /* Info.plist */ = {isa = PBXFileReference; lastKnownFileType = text.plist.xml; path = Info.plist; sourceTree = "<group>"; };
		EB9C271519E31DE700AB1695 /* AppDelegate.swift */ = {isa = PBXFileReference; lastKnownFileType = sourcecode.swift; path = AppDelegate.swift; sourceTree = "<group>"; };
		EB9C271719E31DE700AB1695 /* ViewController.swift */ = {isa = PBXFileReference; lastKnownFileType = sourcecode.swift; path = ViewController.swift; sourceTree = "<group>"; };
		EB9C271A19E31DE700AB1695 /* Base */ = {isa = PBXFileReference; lastKnownFileType = file.storyboard; name = Base; path = Base.lproj/Main.storyboard; sourceTree = "<group>"; };
		EB9C271C19E31DE700AB1695 /* Images.xcassets */ = {isa = PBXFileReference; lastKnownFileType = folder.assetcatalog; path = Images.xcassets; sourceTree = "<group>"; };
		EB9C271F19E31DE700AB1695 /* Base */ = {isa = PBXFileReference; lastKnownFileType = file.xib; name = Base; path = Base.lproj/LaunchScreen.xib; sourceTree = "<group>"; };
		EB9C273519E326E200AB1695 /* Code Survey-Bridging-Header.h */ = {isa = PBXFileReference; lastKnownFileType = sourcecode.c.h; path = "Code Survey-Bridging-Header.h"; sourceTree = "<group>"; };
		EB9C273919E3270F00AB1695 /* libSEUICollectionViewLayout.a */ = {isa = PBXFileReference; lastKnownFileType = archive.ar; name = libSEUICollectionViewLayout.a; path = "../../SEUICollectionViewLayout/build/Debug-iphoneos/libSEUICollectionViewLayout.a"; sourceTree = "<group>"; };
		EB9C273B19E3277C00AB1695 /* SurveyCollectionViewLayout.swift */ = {isa = PBXFileReference; fileEncoding = 4; lastKnownFileType = sourcecode.swift; path = SurveyCollectionViewLayout.swift; sourceTree = "<group>"; };
		EB9C273D19E328BB00AB1695 /* survey.json */ = {isa = PBXFileReference; fileEncoding = 4; lastKnownFileType = text.json; path = survey.json; sourceTree = "<group>"; };
		EB9C273F19E3308000AB1695 /* SurveySection.swift */ = {isa = PBXFileReference; fileEncoding = 4; lastKnownFileType = sourcecode.swift; path = SurveySection.swift; sourceTree = "<group>"; };
		EB9C274119E330B500AB1695 /* SurveyItem.swift */ = {isa = PBXFileReference; fileEncoding = 4; lastKnownFileType = sourcecode.swift; path = SurveyItem.swift; sourceTree = "<group>"; };
		EBC63E2219E5FBDA00A2C81E /* LabelView.swift */ = {isa = PBXFileReference; fileEncoding = 4; lastKnownFileType = sourcecode.swift; path = LabelView.swift; sourceTree = "<group>"; };
		EBC63E2319E5FBDA00A2C81E /* LabelView.xib */ = {isa = PBXFileReference; fileEncoding = 4; lastKnownFileType = file.xib; path = LabelView.xib; sourceTree = "<group>"; };
/* End PBXFileReference section */

/* Begin PBXFrameworksBuildPhase section */
		EB9C270D19E31DE600AB1695 /* Frameworks */ = {
			isa = PBXFrameworksBuildPhase;
			buildActionMask = 2147483647;
			files = (
				EB9C273A19E3270F00AB1695 /* libSEUICollectionViewLayout.a in Frameworks */,
			);
			runOnlyForDeploymentPostprocessing = 0;
		};
/* End PBXFrameworksBuildPhase section */

/* Begin PBXGroup section */
		EB264DCE19E365EC00377619 /* Model */ = {
			isa = PBXGroup;
			children = (
				EB0EE09D19E3537B00B9BD1E /* Survey.swift */,
				EB9C273F19E3308000AB1695 /* SurveySection.swift */,
				EB9C274119E330B500AB1695 /* SurveyItem.swift */,
				EB9C273D19E328BB00AB1695 /* survey.json */,
			);
			name = Model;
			sourceTree = "<group>";
		};
		EB264DD319E3665300377619 /* Views */ = {
			isa = PBXGroup;
			children = (
				EB264DCF19E3664A00377619 /* CheckboxCell.swift */,
				EB264DD019E3664A00377619 /* CheckboxCell.xib */,
				EB264DD419E450F200377619 /* BigTextCell.swift */,
				EB264DD519E450F200377619 /* BigTextCell.xib */,
				EB264DD819E4550200377619 /* TextCell.swift */,
				EB264DD919E4550200377619 /* TextCell.xib */,
				EBC63E2219E5FBDA00A2C81E /* LabelView.swift */,
				EBC63E2319E5FBDA00A2C81E /* LabelView.xib */,
				EB062ADE1A0AA3E200C8D880 /* HeadingView.swift */,
				EB062ADF1A0AA3E200C8D880 /* HeadingView.xib */,
			);
			name = Views;
			sourceTree = "<group>";
		};
		EB9C270719E31DE600AB1695 = {
			isa = PBXGroup;
			children = (
				EB9C271219E31DE700AB1695 /* Code Survey */,
				EB9C271119E31DE700AB1695 /* Products */,
			);
			sourceTree = "<group>";
		};
		EB9C271119E31DE700AB1695 /* Products */ = {
			isa = PBXGroup;
			children = (
				EB9C271019E31DE700AB1695 /* Code Survey.app */,
			);
			name = Products;
			sourceTree = "<group>";
		};
		EB9C271219E31DE700AB1695 /* Code Survey */ = {
			isa = PBXGroup;
			children = (
				EB9C271519E31DE700AB1695 /* AppDelegate.swift */,
				EB9C271919E31DE700AB1695 /* Main.storyboard */,
				EB9C271719E31DE700AB1695 /* ViewController.swift */,
				EB9C273B19E3277C00AB1695 /* SurveyCollectionViewLayout.swift */,
				EB264DD319E3665300377619 /* Views */,
				EB264DCE19E365EC00377619 /* Model */,
				EB9C271C19E31DE700AB1695 /* Images.xcassets */,
				EB9C271E19E31DE700AB1695 /* LaunchScreen.xib */,
				EB9C271319E31DE700AB1695 /* Supporting Files */,
				EB9C273519E326E200AB1695 /* Code Survey-Bridging-Header.h */,
			);
			path = "Code Survey";
			sourceTree = "<group>";
		};
		EB9C271319E31DE700AB1695 /* Supporting Files */ = {
			isa = PBXGroup;
			children = (
				EB9C273919E3270F00AB1695 /* libSEUICollectionViewLayout.a */,
				EB9C271419E31DE700AB1695 /* Info.plist */,
			);
			name = "Supporting Files";
			sourceTree = "<group>";
		};
/* End PBXGroup section */

/* Begin PBXNativeTarget section */
		EB9C270F19E31DE600AB1695 /* Code Survey */ = {
			isa = PBXNativeTarget;
			buildConfigurationList = EB9C272F19E31DE700AB1695 /* Build configuration list for PBXNativeTarget "Code Survey" */;
			buildPhases = (
				EB9C270C19E31DE600AB1695 /* Sources */,
				EB9C270D19E31DE600AB1695 /* Frameworks */,
				EB9C270E19E31DE600AB1695 /* Resources */,
			);
			buildRules = (
			);
			dependencies = (
			);
			name = "Code Survey";
			productName = "Code Survey";
			productReference = EB9C271019E31DE700AB1695 /* Code Survey.app */;
			productType = "com.apple.product-type.application";
		};
/* End PBXNativeTarget section */

/* Begin PBXProject section */
		EB9C270819E31DE600AB1695 /* Project object */ = {
			isa = PBXProject;
			attributes = {
				LastUpgradeCheck = 0610;
				ORGANIZATIONNAME = "Brian Nickel";
				TargetAttributes = {
					EB9C270F19E31DE600AB1695 = {
						CreatedOnToolsVersion = 6.1;
					};
				};
			};
			buildConfigurationList = EB9C270B19E31DE600AB1695 /* Build configuration list for PBXProject "Code Survey" */;
			compatibilityVersion = "Xcode 3.2";
			developmentRegion = English;
			hasScannedForEncodings = 0;
			knownRegions = (
				en,
				Base,
			);
			mainGroup = EB9C270719E31DE600AB1695;
			productRefGroup = EB9C271119E31DE700AB1695 /* Products */;
			projectDirPath = "";
			projectRoot = "";
			targets = (
				EB9C270F19E31DE600AB1695 /* Code Survey */,
			);
		};
/* End PBXProject section */

/* Begin PBXResourcesBuildPhase section */
		EB9C270E19E31DE600AB1695 /* Resources */ = {
			isa = PBXResourcesBuildPhase;
			buildActionMask = 2147483647;
			files = (
				EB9C271B19E31DE700AB1695 /* Main.storyboard in Resources */,
				EBC63E2519E5FBDA00A2C81E /* LabelView.xib in Resources */,
				EB264DD219E3664A00377619 /* CheckboxCell.xib in Resources */,
				EB9C273E19E328BB00AB1695 /* survey.json in Resources */,
				EB9C272019E31DE700AB1695 /* LaunchScreen.xib in Resources */,
				EB264DDB19E4550200377619 /* TextCell.xib in Resources */,
				EB9C271D19E31DE700AB1695 /* Images.xcassets in Resources */,
				EB264DD719E450F200377619 /* BigTextCell.xib in Resources */,
				EB062AE11A0AA3E200C8D880 /* HeadingView.xib in Resources */,
			);
			runOnlyForDeploymentPostprocessing = 0;
		};
/* End PBXResourcesBuildPhase section */

/* Begin PBXSourcesBuildPhase section */
		EB9C270C19E31DE600AB1695 /* Sources */ = {
			isa = PBXSourcesBuildPhase;
			buildActionMask = 2147483647;
			files = (
				EB9C271819E31DE700AB1695 /* ViewController.swift in Sources */,
				EB9C274019E3308000AB1695 /* SurveySection.swift in Sources */,
				EB9C274219E330B500AB1695 /* SurveyItem.swift in Sources */,
				EB264DD619E450F200377619 /* BigTextCell.swift in Sources */,
				EB264DDA19E4550200377619 /* TextCell.swift in Sources */,
				EB062AE01A0AA3E200C8D880 /* HeadingView.swift in Sources */,
				EB0EE09E19E3537B00B9BD1E /* Survey.swift in Sources */,
				EB264DD119E3664A00377619 /* CheckboxCell.swift in Sources */,
				EB9C273C19E3277C00AB1695 /* SurveyCollectionViewLayout.swift in Sources */,
				EB9C271619E31DE700AB1695 /* AppDelegate.swift in Sources */,
				EBC63E2419E5FBDA00A2C81E /* LabelView.swift in Sources */,
			);
			runOnlyForDeploymentPostprocessing = 0;
		};
/* End PBXSourcesBuildPhase section */

/* Begin PBXVariantGroup section */
		EB9C271919E31DE700AB1695 /* Main.storyboard */ = {
			isa = PBXVariantGroup;
			children = (
				EB9C271A19E31DE700AB1695 /* Base */,
			);
			name = Main.storyboard;
			sourceTree = "<group>";
		};
		EB9C271E19E31DE700AB1695 /* LaunchScreen.xib */ = {
			isa = PBXVariantGroup;
			children = (
				EB9C271F19E31DE700AB1695 /* Base */,
			);
			name = LaunchScreen.xib;
			sourceTree = "<group>";
		};
/* End PBXVariantGroup section */

/* Begin XCBuildConfiguration section */
		EB9C272D19E31DE700AB1695 /* Debug */ = {
			isa = XCBuildConfiguration;
			buildSettings = {
				ALWAYS_SEARCH_USER_PATHS = NO;
				CLANG_CXX_LANGUAGE_STANDARD = "gnu++0x";
				CLANG_CXX_LIBRARY = "libc++";
				CLANG_ENABLE_MODULES = YES;
				CLANG_ENABLE_OBJC_ARC = YES;
				CLANG_WARN_BOOL_CONVERSION = YES;
				CLANG_WARN_CONSTANT_CONVERSION = YES;
				CLANG_WARN_DIRECT_OBJC_ISA_USAGE = YES_ERROR;
				CLANG_WARN_EMPTY_BODY = YES;
				CLANG_WARN_ENUM_CONVERSION = YES;
				CLANG_WARN_INT_CONVERSION = YES;
				CLANG_WARN_OBJC_ROOT_CLASS = YES_ERROR;
				CLANG_WARN_UNREACHABLE_CODE = YES;
				CLANG_WARN__DUPLICATE_METHOD_MATCH = YES;
				"CODE_SIGN_IDENTITY[sdk=iphoneos*]" = "iPhone Developer";
				COPY_PHASE_STRIP = NO;
				ENABLE_STRICT_OBJC_MSGSEND = YES;
				GCC_C_LANGUAGE_STANDARD = gnu99;
				GCC_DYNAMIC_NO_PIC = NO;
				GCC_OPTIMIZATION_LEVEL = 0;
				GCC_PREPROCESSOR_DEFINITIONS = (
					"DEBUG=1",
					"$(inherited)",
				);
				GCC_SYMBOLS_PRIVATE_EXTERN = NO;
				GCC_WARN_64_TO_32_BIT_CONVERSION = YES;
				GCC_WARN_ABOUT_RETURN_TYPE = YES_ERROR;
				GCC_WARN_UNDECLARED_SELECTOR = YES;
				GCC_WARN_UNINITIALIZED_AUTOS = YES_AGGRESSIVE;
				GCC_WARN_UNUSED_FUNCTION = YES;
				GCC_WARN_UNUSED_VARIABLE = YES;
				IPHONEOS_DEPLOYMENT_TARGET = 8.1;
				MTL_ENABLE_DEBUG_INFO = YES;
				ONLY_ACTIVE_ARCH = YES;
				SDKROOT = iphoneos;
				SWIFT_OPTIMIZATION_LEVEL = "-Onone";
				TARGETED_DEVICE_FAMILY = "1,2";
			};
			name = Debug;
		};
		EB9C272E19E31DE700AB1695 /* Release */ = {
			isa = XCBuildConfiguration;
			buildSettings = {
				ALWAYS_SEARCH_USER_PATHS = NO;
				CLANG_CXX_LANGUAGE_STANDARD = "gnu++0x";
				CLANG_CXX_LIBRARY = "libc++";
				CLANG_ENABLE_MODULES = YES;
				CLANG_ENABLE_OBJC_ARC = YES;
				CLANG_WARN_BOOL_CONVERSION = YES;
				CLANG_WARN_CONSTANT_CONVERSION = YES;
				CLANG_WARN_DIRECT_OBJC_ISA_USAGE = YES_ERROR;
				CLANG_WARN_EMPTY_BODY = YES;
				CLANG_WARN_ENUM_CONVERSION = YES;
				CLANG_WARN_INT_CONVERSION = YES;
				CLANG_WARN_OBJC_ROOT_CLASS = YES_ERROR;
				CLANG_WARN_UNREACHABLE_CODE = YES;
				CLANG_WARN__DUPLICATE_METHOD_MATCH = YES;
				"CODE_SIGN_IDENTITY[sdk=iphoneos*]" = "iPhone Developer";
				COPY_PHASE_STRIP = YES;
				ENABLE_NS_ASSERTIONS = NO;
				ENABLE_STRICT_OBJC_MSGSEND = YES;
				GCC_C_LANGUAGE_STANDARD = gnu99;
				GCC_WARN_64_TO_32_BIT_CONVERSION = YES;
				GCC_WARN_ABOUT_RETURN_TYPE = YES_ERROR;
				GCC_WARN_UNDECLARED_SELECTOR = YES;
				GCC_WARN_UNINITIALIZED_AUTOS = YES_AGGRESSIVE;
				GCC_WARN_UNUSED_FUNCTION = YES;
				GCC_WARN_UNUSED_VARIABLE = YES;
				IPHONEOS_DEPLOYMENT_TARGET = 8.1;
				MTL_ENABLE_DEBUG_INFO = NO;
				SDKROOT = iphoneos;
				TARGETED_DEVICE_FAMILY = "1,2";
				VALIDATE_PRODUCT = YES;
			};
			name = Release;
		};
		EB9C273019E31DE700AB1695 /* Debug */ = {
			isa = XCBuildConfiguration;
			buildSettings = {
				ASSETCATALOG_COMPILER_APPICON_NAME = AppIcon;
				CLANG_ENABLE_MODULES = YES;
				INFOPLIST_FILE = "Code Survey/Info.plist";
				LD_RUNPATH_SEARCH_PATHS = "$(inherited) @executable_path/Frameworks";
				LIBRARY_SEARCH_PATHS = (
					"$(inherited)",
					"/Users/bnickel/Development/Experiments/SEUICollectionViewLayout/SEUICollectionViewLayout/build/Debug-iphoneos",
				);
				PRODUCT_NAME = "$(TARGET_NAME)";
				SWIFT_OBJC_BRIDGING_HEADER = "Code Survey/Code Survey-Bridging-Header.h";
				SWIFT_OPTIMIZATION_LEVEL = "-Onone";
			};
			name = Debug;
		};
		EB9C273119E31DE700AB1695 /* Release */ = {
			isa = XCBuildConfiguration;
			buildSettings = {
				ASSETCATALOG_COMPILER_APPICON_NAME = AppIcon;
				CLANG_ENABLE_MODULES = YES;
				INFOPLIST_FILE = "Code Survey/Info.plist";
				LD_RUNPATH_SEARCH_PATHS = "$(inherited) @executable_path/Frameworks";
				LIBRARY_SEARCH_PATHS = (
					"$(inherited)",
					"/Users/bnickel/Development/Experiments/SEUICollectionViewLayout/SEUICollectionViewLayout/build/Debug-iphoneos",
				);
				PRODUCT_NAME = "$(TARGET_NAME)";
				SWIFT_OBJC_BRIDGING_HEADER = "Code Survey/Code Survey-Bridging-Header.h";
			};
			name = Release;
		};
/* End XCBuildConfiguration section */

/* Begin XCConfigurationList section */
		EB9C270B19E31DE600AB1695 /* Build configuration list for PBXProject "Code Survey" */ = {
			isa = XCConfigurationList;
			buildConfigurations = (
				EB9C272D19E31DE700AB1695 /* Debug */,
				EB9C272E19E31DE700AB1695 /* Release */,
			);
			defaultConfigurationIsVisible = 0;
			defaultConfigurationName = Release;
		};
		EB9C272F19E31DE700AB1695 /* Build configuration list for PBXNativeTarget "Code Survey" */ = {
			isa = XCConfigurationList;
			buildConfigurations = (
				EB9C273019E31DE700AB1695 /* Debug */,
				EB9C273119E31DE700AB1695 /* Release */,
			);
			defaultConfigurationIsVisible = 0;
			defaultConfigurationName = Release;
		};
/* End XCConfigurationList section */
	};
	rootObject = EB9C270819E31DE600AB1695 /* Project object */;
}
